
Microsoft Visual Studio Solution File, Format Version 12.00
# Visual Studio 15
VisualStudioVersion = 15.0.28307.1062
MinimumVisualStudioVersion = 10.0.40219.1
Project("{FAE04EC0-301F-11D3-BF4B-00C04F79EFBC}") = "GiftCard_Solution", "GiftCard_Solution\GiftCard_Solution.csproj", "{E647304A-C7BB-44FB-9D11-3971BD454043}"
EndProject
Project("{FAE04EC0-301F-11D3-BF4B-00C04F79EFBC}") = "GiftCard_Solution.Tests", "GiftCard_Solution.Tests\GiftCard_Solution.Tests.csproj", "{0F0CB506-CB40-4B03-AA03-3919A6EA924D}"
EndProject
Global
	GlobalSection(SolutionConfigurationPlatforms) = preSolution
		Debug|Any CPU = Debug|Any CPU
		Release|Any CPU = Release|Any CPU
	EndGlobalSection
	GlobalSection(ProjectConfigurationPlatforms) = postSolution
		{E647304A-C7BB-44FB-9D11-3971BD454043}.Debug|Any CPU.ActiveCfg = Debug|Any CPU
		{E647304A-C7BB-44FB-9D11-3971BD454043}.Debug|Any CPU.Build.0 = Debug|Any CPU
		{E647304A-C7BB-44FB-9D11-3971BD454043}.Release|Any CPU.ActiveCfg = Release|Any CPU
		{E647304A-C7BB-44FB-9D11-3971BD454043}.Release|Any CPU.Build.0 = Release|Any CPU
		{0F0CB506-CB40-4B03-AA03-3919A6EA924D}.Debug|Any CPU.ActiveCfg = Debug|Any CPU
		{0F0CB506-CB40-4B03-AA03-3919A6EA924D}.Debug|Any CPU.Build.0 = Debug|Any CPU
		{0F0CB506-CB40-4B03-AA03-3919A6EA924D}.Release|Any CPU.ActiveCfg = Release|Any CPU
		{0F0CB506-CB40-4B03-AA03-3919A6EA924D}.Release|Any CPU.Build.0 = Release|Any CPU
	EndGlobalSection
	GlobalSection(SolutionProperties) = preSolution
		HideSolutionNode = FALSE
	EndGlobalSection
	GlobalSection(ExtensibilityGlobals) = postSolution
		SolutionGuid = {34810DDE-4501-49CF-B737-3D904E0C7036}
	EndGlobalSection
EndGlobal
